// !$*UTF8*$!
{
	archiveVersion = 1;
	classes = {
	};
	objectVersion = 46;
	objects = {

/* Begin PBXBuildFile section */
		8A921E389AFA82C59DB80520 /* Pods_4_7_8.framework in Frameworks */ = {isa = PBXBuildFile; fileRef = D096CFE19AC065B25D9BB9F0 /* Pods_4_7_8.framework */; };
		FFF0E0961D81B7AF0021DA85 /* AppDelegate.swift in Sources */ = {isa = PBXBuildFile; fileRef = FFF0E0951D81B7AF0021DA85 /* AppDelegate.swift */; };
		FFF0E0981D81B7AF0021DA85 /* WelcomeViewController.swift in Sources */ = {isa = PBXBuildFile; fileRef = FFF0E0971D81B7AF0021DA85 /* WelcomeViewController.swift */; };
		FFF0E09B1D81B7AF0021DA85 /* Main.storyboard in Resources */ = {isa = PBXBuildFile; fileRef = FFF0E0991D81B7AF0021DA85 /* Main.storyboard */; };
		FFF0E09D1D81B7AF0021DA85 /* Assets.xcassets in Resources */ = {isa = PBXBuildFile; fileRef = FFF0E09C1D81B7AF0021DA85 /* Assets.xcassets */; };
		FFF0E0A01D81B7AF0021DA85 /* LaunchScreen.storyboard in Resources */ = {isa = PBXBuildFile; fileRef = FFF0E09E1D81B7AF0021DA85 /* LaunchScreen.storyboard */; };
		FFF0E0AD1D81BBBD0021DA85 /* UIColorExtensions.swift in Sources */ = {isa = PBXBuildFile; fileRef = FFF0E0A71D81BBBD0021DA85 /* UIColorExtensions.swift */; };
		FFF0E0AE1D81BBBD0021DA85 /* UIImageExtension.swift in Sources */ = {isa = PBXBuildFile; fileRef = FFF0E0A81D81BBBD0021DA85 /* UIImageExtension.swift */; };
		FFF0E0AF1D81BBBD0021DA85 /* UIViewExtension.swift in Sources */ = {isa = PBXBuildFile; fileRef = FFF0E0A91D81BBBD0021DA85 /* UIViewExtension.swift */; };
		FFF0E0B01D81BBBD0021DA85 /* NSDateExtension.swift in Sources */ = {isa = PBXBuildFile; fileRef = FFF0E0AA1D81BBBD0021DA85 /* NSDateExtension.swift */; };
		FFF0E0B11D81BBBD0021DA85 /* StringExtension.swift in Sources */ = {isa = PBXBuildFile; fileRef = FFF0E0AB1D81BBBD0021DA85 /* StringExtension.swift */; };
		FFF0E0B31D81BD580021DA85 /* MainViewController.swift in Sources */ = {isa = PBXBuildFile; fileRef = FFF0E0B21D81BD580021DA85 /* MainViewController.swift */; };
		FFF0E0B51D8331EE0021DA85 /* BreatheScene.swift in Sources */ = {isa = PBXBuildFile; fileRef = FFF0E0B41D8331EE0021DA85 /* BreatheScene.swift */; };
/* End PBXBuildFile section */

/* Begin PBXFileReference section */
		1DD6DEC6D2763B402BABD3E7 /* Pods-4-7-8.debug.xcconfig */ = {isa = PBXFileReference; includeInIndex = 1; lastKnownFileType = text.xcconfig; name = "Pods-4-7-8.debug.xcconfig"; path = "Pods/Target Support Files/Pods-4-7-8/Pods-4-7-8.debug.xcconfig"; sourceTree = "<group>"; };
		AB6E538765BF70A20408B589 /* Pods-4-7-8.release.xcconfig */ = {isa = PBXFileReference; includeInIndex = 1; lastKnownFileType = text.xcconfig; name = "Pods-4-7-8.release.xcconfig"; path = "Pods/Target Support Files/Pods-4-7-8/Pods-4-7-8.release.xcconfig"; sourceTree = "<group>"; };
		D096CFE19AC065B25D9BB9F0 /* Pods_4_7_8.framework */ = {isa = PBXFileReference; explicitFileType = wrapper.framework; includeInIndex = 0; path = Pods_4_7_8.framework; sourceTree = BUILT_PRODUCTS_DIR; };
		FFF0E0921D81B7AF0021DA85 /* 4-7-8.app */ = {isa = PBXFileReference; explicitFileType = wrapper.application; includeInIndex = 0; path = "4-7-8.app"; sourceTree = BUILT_PRODUCTS_DIR; };
		FFF0E0951D81B7AF0021DA85 /* AppDelegate.swift */ = {isa = PBXFileReference; lastKnownFileType = sourcecode.swift; path = AppDelegate.swift; sourceTree = "<group>"; };
		FFF0E0971D81B7AF0021DA85 /* WelcomeViewController.swift */ = {isa = PBXFileReference; lastKnownFileType = sourcecode.swift; path = WelcomeViewController.swift; sourceTree = "<group>"; };
		FFF0E09A1D81B7AF0021DA85 /* Base */ = {isa = PBXFileReference; lastKnownFileType = file.storyboard; name = Base; path = Base.lproj/Main.storyboard; sourceTree = "<group>"; };
		FFF0E09C1D81B7AF0021DA85 /* Assets.xcassets */ = {isa = PBXFileReference; lastKnownFileType = folder.assetcatalog; path = Assets.xcassets; sourceTree = "<group>"; };
		FFF0E09F1D81B7AF0021DA85 /* Base */ = {isa = PBXFileReference; lastKnownFileType = file.storyboard; name = Base; path = Base.lproj/LaunchScreen.storyboard; sourceTree = "<group>"; };
		FFF0E0A11D81B7AF0021DA85 /* Info.plist */ = {isa = PBXFileReference; lastKnownFileType = text.plist.xml; path = Info.plist; sourceTree = "<group>"; };
		FFF0E0A71D81BBBD0021DA85 /* UIColorExtensions.swift */ = {isa = PBXFileReference; fileEncoding = 4; lastKnownFileType = sourcecode.swift; path = UIColorExtensions.swift; sourceTree = "<group>"; };
		FFF0E0A81D81BBBD0021DA85 /* UIImageExtension.swift */ = {isa = PBXFileReference; fileEncoding = 4; lastKnownFileType = sourcecode.swift; path = UIImageExtension.swift; sourceTree = "<group>"; };
		FFF0E0A91D81BBBD0021DA85 /* UIViewExtension.swift */ = {isa = PBXFileReference; fileEncoding = 4; lastKnownFileType = sourcecode.swift; path = UIViewExtension.swift; sourceTree = "<group>"; };
		FFF0E0AA1D81BBBD0021DA85 /* NSDateExtension.swift */ = {isa = PBXFileReference; fileEncoding = 4; lastKnownFileType = sourcecode.swift; path = NSDateExtension.swift; sourceTree = "<group>"; };
		FFF0E0AB1D81BBBD0021DA85 /* StringExtension.swift */ = {isa = PBXFileReference; fileEncoding = 4; lastKnownFileType = sourcecode.swift; path = StringExtension.swift; sourceTree = "<group>"; };
		FFF0E0B21D81BD580021DA85 /* MainViewController.swift */ = {isa = PBXFileReference; fileEncoding = 4; lastKnownFileType = sourcecode.swift; path = MainViewController.swift; sourceTree = "<group>"; };
		FFF0E0B41D8331EE0021DA85 /* BreatheScene.swift */ = {isa = PBXFileReference; fileEncoding = 4; lastKnownFileType = sourcecode.swift; path = BreatheScene.swift; sourceTree = "<group>"; };
/* End PBXFileReference section */

/* Begin PBXFrameworksBuildPhase section */
		FFF0E08F1D81B7AF0021DA85 /* Frameworks */ = {
			isa = PBXFrameworksBuildPhase;
			buildActionMask = 2147483647;
			files = (
				8A921E389AFA82C59DB80520 /* Pods_4_7_8.framework in Frameworks */,
			);
			runOnlyForDeploymentPostprocessing = 0;
		};
/* End PBXFrameworksBuildPhase section */

/* Begin PBXGroup section */
		8FC6446964AF0D5889F1C326 /* Pods */ = {
			isa = PBXGroup;
			children = (
				1DD6DEC6D2763B402BABD3E7 /* Pods-4-7-8.debug.xcconfig */,
				AB6E538765BF70A20408B589 /* Pods-4-7-8.release.xcconfig */,
			);
			name = Pods;
			sourceTree = "<group>";
		};
		AE2B1D2AE1D75B19C646ECFC /* Frameworks */ = {
			isa = PBXGroup;
			children = (
				D096CFE19AC065B25D9BB9F0 /* Pods_4_7_8.framework */,
			);
			name = Frameworks;
			sourceTree = "<group>";
		};
		FFF0E0891D81B7AF0021DA85 = {
			isa = PBXGroup;
			children = (
				FFF0E0941D81B7AF0021DA85 /* 4-7-8 */,
				FFF0E0AC1D81BBBD0021DA85 /* Extensions */,
				FFF0E0931D81B7AF0021DA85 /* Products */,
				8FC6446964AF0D5889F1C326 /* Pods */,
				AE2B1D2AE1D75B19C646ECFC /* Frameworks */,
			);
			sourceTree = "<group>";
		};
		FFF0E0931D81B7AF0021DA85 /* Products */ = {
			isa = PBXGroup;
			children = (
				FFF0E0921D81B7AF0021DA85 /* 4-7-8.app */,
			);
			name = Products;
			sourceTree = "<group>";
		};
		FFF0E0941D81B7AF0021DA85 /* 4-7-8 */ = {
			isa = PBXGroup;
			children = (
				FFF0E0991D81B7AF0021DA85 /* Main.storyboard */,
				FFF0E0951D81B7AF0021DA85 /* AppDelegate.swift */,
				FFF0E0971D81B7AF0021DA85 /* WelcomeViewController.swift */,
				FFF0E0B21D81BD580021DA85 /* MainViewController.swift */,
				FFF0E0B41D8331EE0021DA85 /* BreatheScene.swift */,
				FFF0E09C1D81B7AF0021DA85 /* Assets.xcassets */,
				FFF0E09E1D81B7AF0021DA85 /* LaunchScreen.storyboard */,
				FFF0E0A11D81B7AF0021DA85 /* Info.plist */,
			);
			path = "4-7-8";
			sourceTree = "<group>";
		};
		FFF0E0AC1D81BBBD0021DA85 /* Extensions */ = {
			isa = PBXGroup;
			children = (
				FFF0E0A71D81BBBD0021DA85 /* UIColorExtensions.swift */,
				FFF0E0A81D81BBBD0021DA85 /* UIImageExtension.swift */,
				FFF0E0A91D81BBBD0021DA85 /* UIViewExtension.swift */,
				FFF0E0AA1D81BBBD0021DA85 /* NSDateExtension.swift */,
				FFF0E0AB1D81BBBD0021DA85 /* StringExtension.swift */,
			);
			name = Extensions;
			path = ../Quotes/Quotes;
			sourceTree = "<group>";
		};
/* End PBXGroup section */

/* Begin PBXNativeTarget section */
		FFF0E0911D81B7AF0021DA85 /* 4-7-8 */ = {
			isa = PBXNativeTarget;
			buildConfigurationList = FFF0E0A41D81B7AF0021DA85 /* Build configuration list for PBXNativeTarget "4-7-8" */;
			buildPhases = (
				C7B08D038258E640B866AE52 /* [CP] Check Pods Manifest.lock */,
				FFF0E08E1D81B7AF0021DA85 /* Sources */,
				FFF0E08F1D81B7AF0021DA85 /* Frameworks */,
				FFF0E0901D81B7AF0021DA85 /* Resources */,
				5C6BD5DFF81FF734789355BC /* [CP] Embed Pods Frameworks */,
				94CC6D44BD4BFF6A66C8ED3A /* [CP] Copy Pods Resources */,
			);
			buildRules = (
			);
			dependencies = (
			);
			name = "4-7-8";
			productName = "4-7-8";
			productReference = FFF0E0921D81B7AF0021DA85 /* 4-7-8.app */;
			productType = "com.apple.product-type.application";
		};
/* End PBXNativeTarget section */

/* Begin PBXProject section */
		FFF0E08A1D81B7AF0021DA85 /* Project object */ = {
			isa = PBXProject;
			attributes = {
				LastSwiftUpdateCheck = 0730;
				LastUpgradeCheck = 0730;
				ORGANIZATIONNAME = DavidVY;
				TargetAttributes = {
					FFF0E0911D81B7AF0021DA85 = {
						CreatedOnToolsVersion = 7.3.1;
						DevelopmentTeam = JKHZT4LSSL;
					};
				};
			};
			buildConfigurationList = FFF0E08D1D81B7AF0021DA85 /* Build configuration list for PBXProject "4-7-8" */;
			compatibilityVersion = "Xcode 3.2";
			developmentRegion = English;
			hasScannedForEncodings = 0;
			knownRegions = (
				en,
				Base,
			);
			mainGroup = FFF0E0891D81B7AF0021DA85;
			productRefGroup = FFF0E0931D81B7AF0021DA85 /* Products */;
			projectDirPath = "";
			projectRoot = "";
			targets = (
				FFF0E0911D81B7AF0021DA85 /* 4-7-8 */,
			);
		};
/* End PBXProject section */

/* Begin PBXResourcesBuildPhase section */
		FFF0E0901D81B7AF0021DA85 /* Resources */ = {
			isa = PBXResourcesBuildPhase;
			buildActionMask = 2147483647;
			files = (
				FFF0E0A01D81B7AF0021DA85 /* LaunchScreen.storyboard in Resources */,
				FFF0E09D1D81B7AF0021DA85 /* Assets.xcassets in Resources */,
				FFF0E09B1D81B7AF0021DA85 /* Main.storyboard in Resources */,
			);
			runOnlyForDeploymentPostprocessing = 0;
		};
/* End PBXResourcesBuildPhase section */

/* Begin PBXShellScriptBuildPhase section */
		5C6BD5DFF81FF734789355BC /* [CP] Embed Pods Frameworks */ = {
			isa = PBXShellScriptBuildPhase;
			buildActionMask = 2147483647;
			files = (
			);
			inputPaths = (
			);
			name = "[CP] Embed Pods Frameworks";
			outputPaths = (
			);
			runOnlyForDeploymentPostprocessing = 0;
			shellPath = /bin/sh;
			shellScript = "\"${SRCROOT}/Pods/Target Support Files/Pods-4-7-8/Pods-4-7-8-frameworks.sh\"\n";
			showEnvVarsInLog = 0;
		};
		94CC6D44BD4BFF6A66C8ED3A /* [CP] Copy Pods Resources */ = {
			isa = PBXShellScriptBuildPhase;
			buildActionMask = 2147483647;
			files = (
			);
			inputPaths = (
			);
			name = "[CP] Copy Pods Resources";
			outputPaths = (
			);
			runOnlyForDeploymentPostprocessing = 0;
			shellPath = /bin/sh;
			shellScript = "\"${SRCROOT}/Pods/Target Support Files/Pods-4-7-8/Pods-4-7-8-resources.sh\"\n";
			showEnvVarsInLog = 0;
		};
		C7B08D038258E640B866AE52 /* [CP] Check Pods Manifest.lock */ = {
			isa = PBXShellScriptBuildPhase;
			buildActionMask = 2147483647;
			files = (
			);
			inputPaths = (
			);
			name = "[CP] Check Pods Manifest.lock";
			outputPaths = (
			);
			runOnlyForDeploymentPostprocessing = 0;
			shellPath = /bin/sh;
			shellScript = "diff \"${PODS_ROOT}/../Podfile.lock\" \"${PODS_ROOT}/Manifest.lock\" > /dev/null\nif [[ $? != 0 ]] ; then\n    cat << EOM\nerror: The sandbox is not in sync with the Podfile.lock. Run 'pod install' or update your CocoaPods installation.\nEOM\n    exit 1\nfi\n";
			showEnvVarsInLog = 0;
		};
/* End PBXShellScriptBuildPhase section */

/* Begin PBXSourcesBuildPhase section */
		FFF0E08E1D81B7AF0021DA85 /* Sources */ = {
			isa = PBXSourcesBuildPhase;
			buildActionMask = 2147483647;
			files = (
				FFF0E0B51D8331EE0021DA85 /* BreatheScene.swift in Sources */,
				FFF0E0B01D81BBBD0021DA85 /* NSDateExtension.swift in Sources */,
				FFF0E0B11D81BBBD0021DA85 /* StringExtension.swift in Sources */,
				FFF0E0AF1D81BBBD0021DA85 /* UIViewExtension.swift in Sources */,
				FFF0E0AD1D81BBBD0021DA85 /* UIColorExtensions.swift in Sources */,
				FFF0E0981D81B7AF0021DA85 /* WelcomeViewController.swift in Sources */,
				FFF0E0961D81B7AF0021DA85 /* AppDelegate.swift in Sources */,
				FFF0E0AE1D81BBBD0021DA85 /* UIImageExtension.swift in Sources */,
				FFF0E0B31D81BD580021DA85 /* MainViewController.swift in Sources */,
			);
			runOnlyForDeploymentPostprocessing = 0;
		};
/* End PBXSourcesBuildPhase section */

/* Begin PBXVariantGroup section */
		FFF0E0991D81B7AF0021DA85 /* Main.storyboard */ = {
			isa = PBXVariantGroup;
			children = (
				FFF0E09A1D81B7AF0021DA85 /* Base */,
			);
			name = Main.storyboard;
			sourceTree = "<group>";
		};
		FFF0E09E1D81B7AF0021DA85 /* LaunchScreen.storyboard */ = {
			isa = PBXVariantGroup;
			children = (
				FFF0E09F1D81B7AF0021DA85 /* Base */,
			);
			name = LaunchScreen.storyboard;
			sourceTree = "<group>";
		};
/* End PBXVariantGroup section */

/* Begin XCBuildConfiguration section */
		FFF0E0A21D81B7AF0021DA85 /* Debug */ = {
			isa = XCBuildConfiguration;
			buildSettings = {
				ALWAYS_SEARCH_USER_PATHS = NO;
				CLANG_ANALYZER_NONNULL = YES;
				CLANG_CXX_LANGUAGE_STANDARD = "gnu++0x";
				CLANG_CXX_LIBRARY = "libc++";
				CLANG_ENABLE_MODULES = YES;
				CLANG_ENABLE_OBJC_ARC = YES;
				CLANG_WARN_BOOL_CONVERSION = YES;
				CLANG_WARN_CONSTANT_CONVERSION = YES;
				CLANG_WARN_DIRECT_OBJC_ISA_USAGE = YES_ERROR;
				CLANG_WARN_EMPTY_BODY = YES;
				CLANG_WARN_ENUM_CONVERSION = YES;
				CLANG_WARN_INT_CONVERSION = YES;
				CLANG_WARN_OBJC_ROOT_CLASS = YES_ERROR;
				CLANG_WARN_UNREACHABLE_CODE = YES;
				CLANG_WARN__DUPLICATE_METHOD_MATCH = YES;
				"CODE_SIGN_IDENTITY[sdk=iphoneos*]" = "iPhone Developer";
				COPY_PHASE_STRIP = NO;
				DEBUG_INFORMATION_FORMAT = dwarf;
				ENABLE_STRICT_OBJC_MSGSEND = YES;
				ENABLE_TESTABILITY = YES;
				GCC_C_LANGUAGE_STANDARD = gnu99;
				GCC_DYNAMIC_NO_PIC = NO;
				GCC_NO_COMMON_BLOCKS = YES;
				GCC_OPTIMIZATION_LEVEL = 0;
				GCC_PREPROCESSOR_DEFINITIONS = (
					"DEBUG=1",
					"$(inherited)",
				);
				GCC_WARN_64_TO_32_BIT_CONVERSION = YES;
				GCC_WARN_ABOUT_RETURN_TYPE = YES_ERROR;
				GCC_WARN_UNDECLARED_SELECTOR = YES;
				GCC_WARN_UNINITIALIZED_AUTOS = YES_AGGRESSIVE;
				GCC_WARN_UNUSED_FUNCTION = YES;
				GCC_WARN_UNUSED_VARIABLE = YES;
				IPHONEOS_DEPLOYMENT_TARGET = 9.3;
				MTL_ENABLE_DEBUG_INFO = YES;
				ONLY_ACTIVE_ARCH = YES;
				SDKROOT = iphoneos;
				SWIFT_OPTIMIZATION_LEVEL = "-Onone";
				TARGETED_DEVICE_FAMILY = "1,2";
			};
			name = Debug;
		};
		FFF0E0A31D81B7AF0021DA85 /* Release */ = {
			isa = XCBuildConfiguration;
			buildSettings = {
				ALWAYS_SEARCH_USER_PATHS = NO;
				CLANG_ANALYZER_NONNULL = YES;
				CLANG_CXX_LANGUAGE_STANDARD = "gnu++0x";
				CLANG_CXX_LIBRARY = "libc++";
				CLANG_ENABLE_MODULES = YES;
				CLANG_ENABLE_OBJC_ARC = YES;
				CLANG_WARN_BOOL_CONVERSION = YES;
				CLANG_WARN_CONSTANT_CONVERSION = YES;
				CLANG_WARN_DIRECT_OBJC_ISA_USAGE = YES_ERROR;
				CLANG_WARN_EMPTY_BODY = YES;
				CLANG_WARN_ENUM_CONVERSION = YES;
				CLANG_WARN_INT_CONVERSION = YES;
				CLANG_WARN_OBJC_ROOT_CLASS = YES_ERROR;
				CLANG_WARN_UNREACHABLE_CODE = YES;
				CLANG_WARN__DUPLICATE_METHOD_MATCH = YES;
				"CODE_SIGN_IDENTITY[sdk=iphoneos*]" = "iPhone Developer";
				COPY_PHASE_STRIP = NO;
				DEBUG_INFORMATION_FORMAT = "dwarf-with-dsym";
				ENABLE_NS_ASSERTIONS = NO;
				ENABLE_STRICT_OBJC_MSGSEND = YES;
				GCC_C_LANGUAGE_STANDARD = gnu99;
				GCC_NO_COMMON_BLOCKS = YES;
				GCC_WARN_64_TO_32_BIT_CONVERSION = YES;
				GCC_WARN_ABOUT_RETURN_TYPE = YES_ERROR;
				GCC_WARN_UNDECLARED_SELECTOR = YES;
				GCC_WARN_UNINITIALIZED_AUTOS = YES_AGGRESSIVE;
				GCC_WARN_UNUSED_FUNCTION = YES;
				GCC_WARN_UNUSED_VARIABLE = YES;
				IPHONEOS_DEPLOYMENT_TARGET = 9.3;
				MTL_ENABLE_DEBUG_INFO = NO;
				SDKROOT = iphoneos;
				TARGETED_DEVICE_FAMILY = "1,2";
				VALIDATE_PRODUCT = YES;
			};
			name = Release;
		};
		FFF0E0A51D81B7AF0021DA85 /* Debug */ = {
			isa = XCBuildConfiguration;
			baseConfigurationReference = 1DD6DEC6D2763B402BABD3E7 /* Pods-4-7-8.debug.xcconfig */;
			buildSettings = {
				ASSETCATALOG_COMPILER_APPICON_NAME = AppIcon;
				CODE_SIGN_IDENTITY = "iPhone Developer";
				INFOPLIST_FILE = "4-7-8/Info.plist";
				LD_RUNPATH_SEARCH_PATHS = "$(inherited) @executable_path/Frameworks";
				PRODUCT_BUNDLE_IDENTIFIER = "com.DavidVY.4-7-8";
				PRODUCT_NAME = "$(TARGET_NAME)";
			};
			name = Debug;
		};
		FFF0E0A61D81B7AF0021DA85 /* Release */ = {
			isa = XCBuildConfiguration;
			baseConfigurationReference = AB6E538765BF70A20408B589 /* Pods-4-7-8.release.xcconfig */;
			buildSettings = {
				ASSETCATALOG_COMPILER_APPICON_NAME = AppIcon;
				CODE_SIGN_IDENTITY = "iPhone Developer";
				INFOPLIST_FILE = "4-7-8/Info.plist";
				LD_RUNPATH_SEARCH_PATHS = "$(inherited) @executable_path/Frameworks";
				PRODUCT_BUNDLE_IDENTIFIER = "com.DavidVY.4-7-8";
				PRODUCT_NAME = "$(TARGET_NAME)";
			};
			name = Release;
		};
/* End XCBuildConfiguration section */

/* Begin XCConfigurationList section */
		FFF0E08D1D81B7AF0021DA85 /* Build configuration list for PBXProject "4-7-8" */ = {
			isa = XCConfigurationList;
			buildConfigurations = (
				FFF0E0A21D81B7AF0021DA85 /* Debug */,
				FFF0E0A31D81B7AF0021DA85 /* Release */,
			);
			defaultConfigurationIsVisible = 0;
			defaultConfigurationName = Release;
		};
		FFF0E0A41D81B7AF0021DA85 /* Build configuration list for PBXNativeTarget "4-7-8" */ = {
			isa = XCConfigurationList;
			buildConfigurations = (
				FFF0E0A51D81B7AF0021DA85 /* Debug */,
				FFF0E0A61D81B7AF0021DA85 /* Release */,
			);
			defaultConfigurationIsVisible = 0;
			defaultConfigurationName = Release;
		};
/* End XCConfigurationList section */
	};
	rootObject = FFF0E08A1D81B7AF0021DA85 /* Project object */;
}
